
Microsoft Visual Studio Solution File, Format Version 12.00
# Visual Studio 15
VisualStudioVersion = 15.0.35026.233
MinimumVisualStudioVersion = 10.0.40219.1
Project("{F184B08F-C81C-45F6-A57F-5ABD9991F28F}") = "N010", "N010\N010.vbproj", "{64AC371C-C9D4-4B01-8D3B-A5F2530765B1}"
EndProject
Project("{F184B08F-C81C-45F6-A57F-5ABD9991F28F}") = "N020", "N020\N020.vbproj", "{F1423E12-2555-4FFF-B2B3-482756579C69}"
EndProject
Project("{F184B08F-C81C-45F6-A57F-5ABD9991F28F}") = "N030", "N030\N030.vbproj", "{0693864B-8903-433B-AC78-E734C82C6D58}"
EndProject
Project("{F184B08F-C81C-45F6-A57F-5ABD9991F28F}") = "N040", "N040\N040.vbproj", "{97C1A7BC-0EF2-4D39-8E24-F070A0809E4D}"
EndProject
Project("{F184B08F-C81C-45F6-A57F-5ABD9991F28F}") = "N050", "N050\N050.vbproj", "{7166F870-8B49-455E-9114-D2D974E0416B}"
EndProject
Project("{F184B08F-C81C-45F6-A57F-5ABD9991F28F}") = "N060", "N060\N060.vbproj", "{6D3E793D-AA10-4B88-BCA4-C0D17EFF52B5}"
EndProject
Project("{F184B08F-C81C-45F6-A57F-5ABD9991F28F}") = "N070", "N070\N070.vbproj", "{425A3AB1-8E89-408A-8CA9-43A0EAE84741}"
EndProject
Project("{F184B08F-C81C-45F6-A57F-5ABD9991F28F}") = "N080", "N080\N080.vbproj", "{8F2583C2-2F3B-4DFB-BBD1-10A1B2CC841A}"
EndProject
Project("{F184B08F-C81C-45F6-A57F-5ABD9991F28F}") = "N120", "N120\N120.vbproj", "{95A83A03-3A4F-4CF5-BA1F-E0F550EF6D58}"
EndProject
Project("{F184B08F-C81C-45F6-A57F-5ABD9991F28F}") = "N130", "N130\N130.vbproj", "{DFBFD841-0F2F-41BD-B2D3-86B2F1987048}"
EndProject
Project("{F184B08F-C81C-45F6-A57F-5ABD9991F28F}") = "N140", "N140\N140.vbproj", "{9FB394F9-EF33-4FFF-834D-FD67483E70D2}"
EndProject
Project("{F184B08F-C81C-45F6-A57F-5ABD9991F28F}") = "N150", "N150\N150.vbproj", "{2ED34FE8-C15E-4EA5-A815-940F9A095B2C}"
EndProject
Project("{F184B08F-C81C-45F6-A57F-5ABD9991F28F}") = "ND01", "ND01\ND01.vbproj", "{539ECD5A-1480-4350-B6F8-E96F297BEA40}"
EndProject
Project("{F184B08F-C81C-45F6-A57F-5ABD9991F28F}") = "ND02", "ND02\ND02.vbproj", "{B761750F-7235-4A42-A86C-EC53B45B67DF}"
EndProject
Project("{F184B08F-C81C-45F6-A57F-5ABD9991F28F}") = "common_bat", "common_bat\common_bat.vbproj", "{0C52330D-FEAC-4F0E-AC6A-71AE5BF06551}"
EndProject
Project("{F184B08F-C81C-45F6-A57F-5ABD9991F28F}") = "N090", "N090\N090.vbproj", "{D54150B8-07B8-4DE8-B1D2-8CDD273E720E}"
EndProject
Project("{F184B08F-C81C-45F6-A57F-5ABD9991F28F}") = "N200", "N200\N200.vbproj", "{79A40732-4287-45C6-8F43-1DAD4CE305FB}"
EndProject
Project("{F184B08F-C81C-45F6-A57F-5ABD9991F28F}") = "N210", "N210\N210.vbproj", "{99DBAFFA-4711-4EA1-9EEF-E780325BB22C}"
EndProject
Project("{F184B08F-C81C-45F6-A57F-5ABD9991F28F}") = "N220", "N220\N220.vbproj", "{3B9FF3C2-24E2-42FF-87C5-744AD70430A7}"
EndProject
Project("{F184B08F-C81C-45F6-A57F-5ABD9991F28F}") = "N100", "N100\N100.vbproj", "{5770426E-F3F1-459E-AA53-8ECC385BA5FF}"
EndProject
Project("{F184B08F-C81C-45F6-A57F-5ABD9991F28F}") = "ND03", "ND03\ND03.vbproj", "{19248DC4-790A-4154-85EA-FC455BFF8721}"
EndProject
Project("{F184B08F-C81C-45F6-A57F-5ABD9991F28F}") = "ND04", "ND04\ND04.vbproj", "{3B75D6F1-4208-456C-8D63-D5D9AC69CBEA}"
EndProject
Project("{F184B08F-C81C-45F6-A57F-5ABD9991F28F}") = "N160", "N160\N160.vbproj", "{B4525C2E-3DC5-4559-A4DD-250440ED9B12}"
EndProject
Project("{F184B08F-C81C-45F6-A57F-5ABD9991F28F}") = "N051", "N051\N051.vbproj", "{A2EFFCAC-92AE-488B-8B18-C895CF2AFD26}"
EndProject
Project("{F184B08F-C81C-45F6-A57F-5ABD9991F28F}") = "N052", "N052\N052.vbproj", "{437BFC12-6624-47A3-8ED3-565C6A15AB42}"
EndProject
Project("{F184B08F-C81C-45F6-A57F-5ABD9991F28F}") = "N041", "N041\N041.vbproj", "{7C043A1E-0741-4092-B589-8B290A7A5702}"
EndProject
Project("{F184B08F-C81C-45F6-A57F-5ABD9991F28F}") = "N042", "N042\N042.vbproj", "{34492869-7B70-4DE3-919F-8F6DED953945}"
EndProject
Project("{F184B08F-C81C-45F6-A57F-5ABD9991F28F}") = "N053", "N053\N053.vbproj", "{82F5AECD-5159-497F-B202-66DB50C8CECF}"
EndProject
Project("{F184B08F-C81C-45F6-A57F-5ABD9991F28F}") = "N054", "N054\N054.vbproj", "{6F8AB9F4-B968-4657-8327-8DA9D9AE27EC}"
EndProject
Project("{F184B08F-C81C-45F6-A57F-5ABD9991F28F}") = "N055", "N055\N055.vbproj", "{76694EAF-C20C-4DBC-98C9-187C8252B093}"
EndProject
Project("{F184B08F-C81C-45F6-A57F-5ABD9991F28F}") = "N056", "N056\N056.vbproj", "{8A7FCF8F-D52D-40F6-AA66-E678BAF030BF}"
EndProject
Project("{F184B08F-C81C-45F6-A57F-5ABD9991F28F}") = "N057", "N057\N057.vbproj", "{7225090F-C276-484C-9274-DB290F6E0688}"
EndProject
Project("{F184B08F-C81C-45F6-A57F-5ABD9991F28F}") = "N058", "N058\N058.vbproj", "{D9E18ABD-6938-4015-91CB-0944ADBD67F7}"
EndProject
Project("{F184B08F-C81C-45F6-A57F-5ABD9991F28F}") = "N059", "N059\N059.vbproj", "{16AC2B02-B025-4FBC-8D3F-5057105D552B}"
EndProject
Project("{F184B08F-C81C-45F6-A57F-5ABD9991F28F}") = "N011", "N011\N011.vbproj", "{290BAD30-39F1-42B7-9E9E-74EF14772200}"
EndProject
Project("{F184B08F-C81C-45F6-A57F-5ABD9991F28F}") = "N141", "N141\N141.vbproj", "{386170B5-8C81-4EFE-B6E5-95A24D1DA131}"
EndProject
Project("{F184B08F-C81C-45F6-A57F-5ABD9991F28F}") = "N170", "N170\N170.vbproj", "{5457BF20-ACD4-466F-9286-8325DA766402}"
EndProject
Global
	GlobalSection(SolutionConfigurationPlatforms) = preSolution
		Debug|Any CPU = Debug|Any CPU
		Debug|Mixed Platforms = Debug|Mixed Platforms
		Debug|x86 = Debug|x86
		Release|Any CPU = Release|Any CPU
		Release|Mixed Platforms = Release|Mixed Platforms
		Release|x86 = Release|x86
	EndGlobalSection
	GlobalSection(ProjectConfigurationPlatforms) = postSolution
		{64AC371C-C9D4-4B01-8D3B-A5F2530765B1}.Debug|Any CPU.ActiveCfg = Debug|x86
		{64AC371C-C9D4-4B01-8D3B-A5F2530765B1}.Debug|Mixed Platforms.ActiveCfg = Debug|x86
		{64AC371C-C9D4-4B01-8D3B-A5F2530765B1}.Debug|Mixed Platforms.Build.0 = Debug|x86
		{64AC371C-C9D4-4B01-8D3B-A5F2530765B1}.Debug|x86.ActiveCfg = Debug|x86
		{64AC371C-C9D4-4B01-8D3B-A5F2530765B1}.Debug|x86.Build.0 = Debug|x86
		{64AC371C-C9D4-4B01-8D3B-A5F2530765B1}.Release|Any CPU.ActiveCfg = Release|x86
		{64AC371C-C9D4-4B01-8D3B-A5F2530765B1}.Release|Mixed Platforms.ActiveCfg = Release|x86
		{64AC371C-C9D4-4B01-8D3B-A5F2530765B1}.Release|Mixed Platforms.Build.0 = Release|x86
		{64AC371C-C9D4-4B01-8D3B-A5F2530765B1}.Release|x86.ActiveCfg = Release|x86
		{64AC371C-C9D4-4B01-8D3B-A5F2530765B1}.Release|x86.Build.0 = Release|x86
		{F1423E12-2555-4FFF-B2B3-482756579C69}.Debug|Any CPU.ActiveCfg = Debug|x86
		{F1423E12-2555-4FFF-B2B3-482756579C69}.Debug|Mixed Platforms.ActiveCfg = Debug|x86
		{F1423E12-2555-4FFF-B2B3-482756579C69}.Debug|Mixed Platforms.Build.0 = Debug|x86
		{F1423E12-2555-4FFF-B2B3-482756579C69}.Debug|x86.ActiveCfg = Debug|x86
		{F1423E12-2555-4FFF-B2B3-482756579C69}.Debug|x86.Build.0 = Debug|x86
		{F1423E12-2555-4FFF-B2B3-482756579C69}.Release|Any CPU.ActiveCfg = Release|x86
		{F1423E12-2555-4FFF-B2B3-482756579C69}.Release|Mixed Platforms.ActiveCfg = Release|x86
		{F1423E12-2555-4FFF-B2B3-482756579C69}.Release|Mixed Platforms.Build.0 = Release|x86
		{F1423E12-2555-4FFF-B2B3-482756579C69}.Release|x86.ActiveCfg = Release|x86
		{F1423E12-2555-4FFF-B2B3-482756579C69}.Release|x86.Build.0 = Release|x86
		{0693864B-8903-433B-AC78-E734C82C6D58}.Debug|Any CPU.ActiveCfg = Debug|x86
		{0693864B-8903-433B-AC78-E734C82C6D58}.Debug|Mixed Platforms.ActiveCfg = Debug|x86
		{0693864B-8903-433B-AC78-E734C82C6D58}.Debug|Mixed Platforms.Build.0 = Debug|x86
		{0693864B-8903-433B-AC78-E734C82C6D58}.Debug|x86.ActiveCfg = Debug|x86
		{0693864B-8903-433B-AC78-E734C82C6D58}.Debug|x86.Build.0 = Debug|x86
		{0693864B-8903-433B-AC78-E734C82C6D58}.Release|Any CPU.ActiveCfg = Release|x86
		{0693864B-8903-433B-AC78-E734C82C6D58}.Release|Mixed Platforms.ActiveCfg = Release|x86
		{0693864B-8903-433B-AC78-E734C82C6D58}.Release|Mixed Platforms.Build.0 = Release|x86
		{0693864B-8903-433B-AC78-E734C82C6D58}.Release|x86.ActiveCfg = Release|x86
		{0693864B-8903-433B-AC78-E734C82C6D58}.Release|x86.Build.0 = Release|x86
		{97C1A7BC-0EF2-4D39-8E24-F070A0809E4D}.Debug|Any CPU.ActiveCfg = Debug|x86
		{97C1A7BC-0EF2-4D39-8E24-F070A0809E4D}.Debug|Mixed Platforms.ActiveCfg = Debug|x86
		{97C1A7BC-0EF2-4D39-8E24-F070A0809E4D}.Debug|Mixed Platforms.Build.0 = Debug|x86
		{97C1A7BC-0EF2-4D39-8E24-F070A0809E4D}.Debug|x86.ActiveCfg = Debug|x86
		{97C1A7BC-0EF2-4D39-8E24-F070A0809E4D}.Debug|x86.Build.0 = Debug|x86
		{97C1A7BC-0EF2-4D39-8E24-F070A0809E4D}.Release|Any CPU.ActiveCfg = Release|x86
		{97C1A7BC-0EF2-4D39-8E24-F070A0809E4D}.Release|Mixed Platforms.ActiveCfg = Release|x86
		{97C1A7BC-0EF2-4D39-8E24-F070A0809E4D}.Release|Mixed Platforms.Build.0 = Release|x86
		{97C1A7BC-0EF2-4D39-8E24-F070A0809E4D}.Release|x86.ActiveCfg = Release|x86
		{97C1A7BC-0EF2-4D39-8E24-F070A0809E4D}.Release|x86.Build.0 = Release|x86
		{7166F870-8B49-455E-9114-D2D974E0416B}.Debug|Any CPU.ActiveCfg = Debug|x86
		{7166F870-8B49-455E-9114-D2D974E0416B}.Debug|Mixed Platforms.ActiveCfg = Debug|x86
		{7166F870-8B49-455E-9114-D2D974E0416B}.Debug|Mixed Platforms.Build.0 = Debug|x86
		{7166F870-8B49-455E-9114-D2D974E0416B}.Debug|x86.ActiveCfg = Debug|x86
		{7166F870-8B49-455E-9114-D2D974E0416B}.Debug|x86.Build.0 = Debug|x86
		{7166F870-8B49-455E-9114-D2D974E0416B}.Release|Any CPU.ActiveCfg = Release|x86
		{7166F870-8B49-455E-9114-D2D974E0416B}.Release|Mixed Platforms.ActiveCfg = Release|x86
		{7166F870-8B49-455E-9114-D2D974E0416B}.Release|Mixed Platforms.Build.0 = Release|x86
		{7166F870-8B49-455E-9114-D2D974E0416B}.Release|x86.ActiveCfg = Release|x86
		{7166F870-8B49-455E-9114-D2D974E0416B}.Release|x86.Build.0 = Release|x86
		{6D3E793D-AA10-4B88-BCA4-C0D17EFF52B5}.Debug|Any CPU.ActiveCfg = Debug|x86
		{6D3E793D-AA10-4B88-BCA4-C0D17EFF52B5}.Debug|Mixed Platforms.ActiveCfg = Debug|x86
		{6D3E793D-AA10-4B88-BCA4-C0D17EFF52B5}.Debug|Mixed Platforms.Build.0 = Debug|x86
		{6D3E793D-AA10-4B88-BCA4-C0D17EFF52B5}.Debug|x86.ActiveCfg = Debug|x86
		{6D3E793D-AA10-4B88-BCA4-C0D17EFF52B5}.Debug|x86.Build.0 = Debug|x86
		{6D3E793D-AA10-4B88-BCA4-C0D17EFF52B5}.Release|Any CPU.ActiveCfg = Release|x86
		{6D3E793D-AA10-4B88-BCA4-C0D17EFF52B5}.Release|Mixed Platforms.ActiveCfg = Release|x86
		{6D3E793D-AA10-4B88-BCA4-C0D17EFF52B5}.Release|Mixed Platforms.Build.0 = Release|x86
		{6D3E793D-AA10-4B88-BCA4-C0D17EFF52B5}.Release|x86.ActiveCfg = Release|x86
		{6D3E793D-AA10-4B88-BCA4-C0D17EFF52B5}.Release|x86.Build.0 = Release|x86
		{425A3AB1-8E89-408A-8CA9-43A0EAE84741}.Debug|Any CPU.ActiveCfg = Debug|x86
		{425A3AB1-8E89-408A-8CA9-43A0EAE84741}.Debug|Mixed Platforms.ActiveCfg = Debug|x86
		{425A3AB1-8E89-408A-8CA9-43A0EAE84741}.Debug|Mixed Platforms.Build.0 = Debug|x86
		{425A3AB1-8E89-408A-8CA9-43A0EAE84741}.Debug|x86.ActiveCfg = Debug|x86
		{425A3AB1-8E89-408A-8CA9-43A0EAE84741}.Debug|x86.Build.0 = Debug|x86
		{425A3AB1-8E89-408A-8CA9-43A0EAE84741}.Release|Any CPU.ActiveCfg = Release|x86
		{425A3AB1-8E89-408A-8CA9-43A0EAE84741}.Release|Mixed Platforms.ActiveCfg = Release|x86
		{425A3AB1-8E89-408A-8CA9-43A0EAE84741}.Release|Mixed Platforms.Build.0 = Release|x86
		{425A3AB1-8E89-408A-8CA9-43A0EAE84741}.Release|x86.ActiveCfg = Release|x86
		{425A3AB1-8E89-408A-8CA9-43A0EAE84741}.Release|x86.Build.0 = Release|x86
		{8F2583C2-2F3B-4DFB-BBD1-10A1B2CC841A}.Debug|Any CPU.ActiveCfg = Debug|x86
		{8F2583C2-2F3B-4DFB-BBD1-10A1B2CC841A}.Debug|Mixed Platforms.ActiveCfg = Debug|x86
		{8F2583C2-2F3B-4DFB-BBD1-10A1B2CC841A}.Debug|Mixed Platforms.Build.0 = Debug|x86
		{8F2583C2-2F3B-4DFB-BBD1-10A1B2CC841A}.Debug|x86.ActiveCfg = Debug|x86
		{8F2583C2-2F3B-4DFB-BBD1-10A1B2CC841A}.Debug|x86.Build.0 = Debug|x86
		{8F2583C2-2F3B-4DFB-BBD1-10A1B2CC841A}.Release|Any CPU.ActiveCfg = Release|x86
		{8F2583C2-2F3B-4DFB-BBD1-10A1B2CC841A}.Release|Mixed Platforms.ActiveCfg = Release|x86
		{8F2583C2-2F3B-4DFB-BBD1-10A1B2CC841A}.Release|Mixed Platforms.Build.0 = Release|x86
		{8F2583C2-2F3B-4DFB-BBD1-10A1B2CC841A}.Release|x86.ActiveCfg = Release|x86
		{8F2583C2-2F3B-4DFB-BBD1-10A1B2CC841A}.Release|x86.Build.0 = Release|x86
		{95A83A03-3A4F-4CF5-BA1F-E0F550EF6D58}.Debug|Any CPU.ActiveCfg = Debug|x86
		{95A83A03-3A4F-4CF5-BA1F-E0F550EF6D58}.Debug|Mixed Platforms.ActiveCfg = Debug|x86
		{95A83A03-3A4F-4CF5-BA1F-E0F550EF6D58}.Debug|Mixed Platforms.Build.0 = Debug|x86
		{95A83A03-3A4F-4CF5-BA1F-E0F550EF6D58}.Debug|x86.ActiveCfg = Debug|x86
		{95A83A03-3A4F-4CF5-BA1F-E0F550EF6D58}.Debug|x86.Build.0 = Debug|x86
		{95A83A03-3A4F-4CF5-BA1F-E0F550EF6D58}.Release|Any CPU.ActiveCfg = Release|x86
		{95A83A03-3A4F-4CF5-BA1F-E0F550EF6D58}.Release|Mixed Platforms.ActiveCfg = Release|x86
		{95A83A03-3A4F-4CF5-BA1F-E0F550EF6D58}.Release|Mixed Platforms.Build.0 = Release|x86
		{95A83A03-3A4F-4CF5-BA1F-E0F550EF6D58}.Release|x86.ActiveCfg = Release|x86
		{95A83A03-3A4F-4CF5-BA1F-E0F550EF6D58}.Release|x86.Build.0 = Release|x86
		{DFBFD841-0F2F-41BD-B2D3-86B2F1987048}.Debug|Any CPU.ActiveCfg = Debug|x86
		{DFBFD841-0F2F-41BD-B2D3-86B2F1987048}.Debug|Mixed Platforms.ActiveCfg = Debug|x86
		{DFBFD841-0F2F-41BD-B2D3-86B2F1987048}.Debug|Mixed Platforms.Build.0 = Debug|x86
		{DFBFD841-0F2F-41BD-B2D3-86B2F1987048}.Debug|x86.ActiveCfg = Debug|x86
		{DFBFD841-0F2F-41BD-B2D3-86B2F1987048}.Debug|x86.Build.0 = Debug|x86
		{DFBFD841-0F2F-41BD-B2D3-86B2F1987048}.Release|Any CPU.ActiveCfg = Release|x86
		{DFBFD841-0F2F-41BD-B2D3-86B2F1987048}.Release|Mixed Platforms.ActiveCfg = Release|x86
		{DFBFD841-0F2F-41BD-B2D3-86B2F1987048}.Release|Mixed Platforms.Build.0 = Release|x86
		{DFBFD841-0F2F-41BD-B2D3-86B2F1987048}.Release|x86.ActiveCfg = Release|x86
		{DFBFD841-0F2F-41BD-B2D3-86B2F1987048}.Release|x86.Build.0 = Release|x86
		{9FB394F9-EF33-4FFF-834D-FD67483E70D2}.Debug|Any CPU.ActiveCfg = Debug|x86
		{9FB394F9-EF33-4FFF-834D-FD67483E70D2}.Debug|Mixed Platforms.ActiveCfg = Debug|x86
		{9FB394F9-EF33-4FFF-834D-FD67483E70D2}.Debug|Mixed Platforms.Build.0 = Debug|x86
		{9FB394F9-EF33-4FFF-834D-FD67483E70D2}.Debug|x86.ActiveCfg = Debug|x86
		{9FB394F9-EF33-4FFF-834D-FD67483E70D2}.Debug|x86.Build.0 = Debug|x86
		{9FB394F9-EF33-4FFF-834D-FD67483E70D2}.Release|Any CPU.ActiveCfg = Release|x86
		{9FB394F9-EF33-4FFF-834D-FD67483E70D2}.Release|Mixed Platforms.ActiveCfg = Release|x86
		{9FB394F9-EF33-4FFF-834D-FD67483E70D2}.Release|Mixed Platforms.Build.0 = Release|x86
		{9FB394F9-EF33-4FFF-834D-FD67483E70D2}.Release|x86.ActiveCfg = Release|x86
		{9FB394F9-EF33-4FFF-834D-FD67483E70D2}.Release|x86.Build.0 = Release|x86
		{2ED34FE8-C15E-4EA5-A815-940F9A095B2C}.Debug|Any CPU.ActiveCfg = Debug|x86
		{2ED34FE8-C15E-4EA5-A815-940F9A095B2C}.Debug|Mixed Platforms.ActiveCfg = Debug|x86
		{2ED34FE8-C15E-4EA5-A815-940F9A095B2C}.Debug|Mixed Platforms.Build.0 = Debug|x86
		{2ED34FE8-C15E-4EA5-A815-940F9A095B2C}.Debug|x86.ActiveCfg = Debug|x86
		{2ED34FE8-C15E-4EA5-A815-940F9A095B2C}.Debug|x86.Build.0 = Debug|x86
		{2ED34FE8-C15E-4EA5-A815-940F9A095B2C}.Release|Any CPU.ActiveCfg = Release|x86
		{2ED34FE8-C15E-4EA5-A815-940F9A095B2C}.Release|Mixed Platforms.ActiveCfg = Release|x86
		{2ED34FE8-C15E-4EA5-A815-940F9A095B2C}.Release|Mixed Platforms.Build.0 = Release|x86
		{2ED34FE8-C15E-4EA5-A815-940F9A095B2C}.Release|x86.ActiveCfg = Release|x86
		{2ED34FE8-C15E-4EA5-A815-940F9A095B2C}.Release|x86.Build.0 = Release|x86
		{539ECD5A-1480-4350-B6F8-E96F297BEA40}.Debug|Any CPU.ActiveCfg = Debug|x86
		{539ECD5A-1480-4350-B6F8-E96F297BEA40}.Debug|Mixed Platforms.ActiveCfg = Debug|x86
		{539ECD5A-1480-4350-B6F8-E96F297BEA40}.Debug|Mixed Platforms.Build.0 = Debug|x86
		{539ECD5A-1480-4350-B6F8-E96F297BEA40}.Debug|x86.ActiveCfg = Debug|x86
		{539ECD5A-1480-4350-B6F8-E96F297BEA40}.Debug|x86.Build.0 = Debug|x86
		{539ECD5A-1480-4350-B6F8-E96F297BEA40}.Release|Any CPU.ActiveCfg = Release|x86
		{539ECD5A-1480-4350-B6F8-E96F297BEA40}.Release|Mixed Platforms.ActiveCfg = Release|x86
		{539ECD5A-1480-4350-B6F8-E96F297BEA40}.Release|Mixed Platforms.Build.0 = Release|x86
		{539ECD5A-1480-4350-B6F8-E96F297BEA40}.Release|x86.ActiveCfg = Release|x86
		{539ECD5A-1480-4350-B6F8-E96F297BEA40}.Release|x86.Build.0 = Release|x86
		{B761750F-7235-4A42-A86C-EC53B45B67DF}.Debug|Any CPU.ActiveCfg = Debug|x86
		{B761750F-7235-4A42-A86C-EC53B45B67DF}.Debug|Mixed Platforms.ActiveCfg = Debug|x86
		{B761750F-7235-4A42-A86C-EC53B45B67DF}.Debug|Mixed Platforms.Build.0 = Debug|x86
		{B761750F-7235-4A42-A86C-EC53B45B67DF}.Debug|x86.ActiveCfg = Debug|x86
		{B761750F-7235-4A42-A86C-EC53B45B67DF}.Debug|x86.Build.0 = Debug|x86
		{B761750F-7235-4A42-A86C-EC53B45B67DF}.Release|Any CPU.ActiveCfg = Release|x86
		{B761750F-7235-4A42-A86C-EC53B45B67DF}.Release|Mixed Platforms.ActiveCfg = Release|x86
		{B761750F-7235-4A42-A86C-EC53B45B67DF}.Release|Mixed Platforms.Build.0 = Release|x86
		{B761750F-7235-4A42-A86C-EC53B45B67DF}.Release|x86.ActiveCfg = Release|x86
		{B761750F-7235-4A42-A86C-EC53B45B67DF}.Release|x86.Build.0 = Release|x86
		{0C52330D-FEAC-4F0E-AC6A-71AE5BF06551}.Debug|Any CPU.ActiveCfg = Debug|Any CPU
		{0C52330D-FEAC-4F0E-AC6A-71AE5BF06551}.Debug|Any CPU.Build.0 = Debug|Any CPU
		{0C52330D-FEAC-4F0E-AC6A-71AE5BF06551}.Debug|Mixed Platforms.ActiveCfg = Debug|Any CPU
		{0C52330D-FEAC-4F0E-AC6A-71AE5BF06551}.Debug|Mixed Platforms.Build.0 = Debug|Any CPU
		{0C52330D-FEAC-4F0E-AC6A-71AE5BF06551}.Debug|x86.ActiveCfg = Debug|Any CPU
		{0C52330D-FEAC-4F0E-AC6A-71AE5BF06551}.Release|Any CPU.ActiveCfg = Release|Any CPU
		{0C52330D-FEAC-4F0E-AC6A-71AE5BF06551}.Release|Any CPU.Build.0 = Release|Any CPU
		{0C52330D-FEAC-4F0E-AC6A-71AE5BF06551}.Release|Mixed Platforms.ActiveCfg = Release|Any CPU
		{0C52330D-FEAC-4F0E-AC6A-71AE5BF06551}.Release|Mixed Platforms.Build.0 = Release|Any CPU
		{0C52330D-FEAC-4F0E-AC6A-71AE5BF06551}.Release|x86.ActiveCfg = Release|Any CPU
		{D54150B8-07B8-4DE8-B1D2-8CDD273E720E}.Debug|Any CPU.ActiveCfg = Debug|x86
		{D54150B8-07B8-4DE8-B1D2-8CDD273E720E}.Debug|Mixed Platforms.ActiveCfg = Debug|x86
		{D54150B8-07B8-4DE8-B1D2-8CDD273E720E}.Debug|Mixed Platforms.Build.0 = Debug|x86
		{D54150B8-07B8-4DE8-B1D2-8CDD273E720E}.Debug|x86.ActiveCfg = Debug|x86
		{D54150B8-07B8-4DE8-B1D2-8CDD273E720E}.Debug|x86.Build.0 = Debug|x86
		{D54150B8-07B8-4DE8-B1D2-8CDD273E720E}.Release|Any CPU.ActiveCfg = Release|x86
		{D54150B8-07B8-4DE8-B1D2-8CDD273E720E}.Release|Mixed Platforms.ActiveCfg = Release|x86
		{D54150B8-07B8-4DE8-B1D2-8CDD273E720E}.Release|Mixed Platforms.Build.0 = Release|x86
		{D54150B8-07B8-4DE8-B1D2-8CDD273E720E}.Release|x86.ActiveCfg = Release|x86
		{D54150B8-07B8-4DE8-B1D2-8CDD273E720E}.Release|x86.Build.0 = Release|x86
		{79A40732-4287-45C6-8F43-1DAD4CE305FB}.Debug|Any CPU.ActiveCfg = Debug|x86
		{79A40732-4287-45C6-8F43-1DAD4CE305FB}.Debug|Mixed Platforms.ActiveCfg = Debug|x86
		{79A40732-4287-45C6-8F43-1DAD4CE305FB}.Debug|Mixed Platforms.Build.0 = Debug|x86
		{79A40732-4287-45C6-8F43-1DAD4CE305FB}.Debug|x86.ActiveCfg = Debug|x86
		{79A40732-4287-45C6-8F43-1DAD4CE305FB}.Debug|x86.Build.0 = Debug|x86
		{79A40732-4287-45C6-8F43-1DAD4CE305FB}.Release|Any CPU.ActiveCfg = Release|x86
		{79A40732-4287-45C6-8F43-1DAD4CE305FB}.Release|Mixed Platforms.ActiveCfg = Release|x86
		{79A40732-4287-45C6-8F43-1DAD4CE305FB}.Release|Mixed Platforms.Build.0 = Release|x86
		{79A40732-4287-45C6-8F43-1DAD4CE305FB}.Release|x86.ActiveCfg = Release|x86
		{79A40732-4287-45C6-8F43-1DAD4CE305FB}.Release|x86.Build.0 = Release|x86
		{99DBAFFA-4711-4EA1-9EEF-E780325BB22C}.Debug|Any CPU.ActiveCfg = Debug|x86
		{99DBAFFA-4711-4EA1-9EEF-E780325BB22C}.Debug|Mixed Platforms.ActiveCfg = Debug|x86
		{99DBAFFA-4711-4EA1-9EEF-E780325BB22C}.Debug|Mixed Platforms.Build.0 = Debug|x86
		{99DBAFFA-4711-4EA1-9EEF-E780325BB22C}.Debug|x86.ActiveCfg = Debug|x86
		{99DBAFFA-4711-4EA1-9EEF-E780325BB22C}.Debug|x86.Build.0 = Debug|x86
		{99DBAFFA-4711-4EA1-9EEF-E780325BB22C}.Release|Any CPU.ActiveCfg = Release|x86
		{99DBAFFA-4711-4EA1-9EEF-E780325BB22C}.Release|Mixed Platforms.ActiveCfg = Release|x86
		{99DBAFFA-4711-4EA1-9EEF-E780325BB22C}.Release|Mixed Platforms.Build.0 = Release|x86
		{99DBAFFA-4711-4EA1-9EEF-E780325BB22C}.Release|x86.ActiveCfg = Release|x86
		{99DBAFFA-4711-4EA1-9EEF-E780325BB22C}.Release|x86.Build.0 = Release|x86
		{3B9FF3C2-24E2-42FF-87C5-744AD70430A7}.Debug|Any CPU.ActiveCfg = Debug|x86
		{3B9FF3C2-24E2-42FF-87C5-744AD70430A7}.Debug|Mixed Platforms.ActiveCfg = Debug|x86
		{3B9FF3C2-24E2-42FF-87C5-744AD70430A7}.Debug|Mixed Platforms.Build.0 = Debug|x86
		{3B9FF3C2-24E2-42FF-87C5-744AD70430A7}.Debug|x86.ActiveCfg = Debug|x86
		{3B9FF3C2-24E2-42FF-87C5-744AD70430A7}.Debug|x86.Build.0 = Debug|x86
		{3B9FF3C2-24E2-42FF-87C5-744AD70430A7}.Release|Any CPU.ActiveCfg = Release|x86
		{3B9FF3C2-24E2-42FF-87C5-744AD70430A7}.Release|Mixed Platforms.ActiveCfg = Release|x86
		{3B9FF3C2-24E2-42FF-87C5-744AD70430A7}.Release|Mixed Platforms.Build.0 = Release|x86
		{3B9FF3C2-24E2-42FF-87C5-744AD70430A7}.Release|x86.ActiveCfg = Release|x86
		{3B9FF3C2-24E2-42FF-87C5-744AD70430A7}.Release|x86.Build.0 = Release|x86
		{5770426E-F3F1-459E-AA53-8ECC385BA5FF}.Debug|Any CPU.ActiveCfg = Debug|x86
		{5770426E-F3F1-459E-AA53-8ECC385BA5FF}.Debug|Mixed Platforms.ActiveCfg = Debug|x86
		{5770426E-F3F1-459E-AA53-8ECC385BA5FF}.Debug|Mixed Platforms.Build.0 = Debug|x86
		{5770426E-F3F1-459E-AA53-8ECC385BA5FF}.Debug|x86.ActiveCfg = Debug|x86
		{5770426E-F3F1-459E-AA53-8ECC385BA5FF}.Debug|x86.Build.0 = Debug|x86
		{5770426E-F3F1-459E-AA53-8ECC385BA5FF}.Release|Any CPU.ActiveCfg = Release|x86
		{5770426E-F3F1-459E-AA53-8ECC385BA5FF}.Release|Mixed Platforms.ActiveCfg = Release|x86
		{5770426E-F3F1-459E-AA53-8ECC385BA5FF}.Release|Mixed Platforms.Build.0 = Release|x86
		{5770426E-F3F1-459E-AA53-8ECC385BA5FF}.Release|x86.ActiveCfg = Release|x86
		{5770426E-F3F1-459E-AA53-8ECC385BA5FF}.Release|x86.Build.0 = Release|x86
		{19248DC4-790A-4154-85EA-FC455BFF8721}.Debug|Any CPU.ActiveCfg = Debug|x86
		{19248DC4-790A-4154-85EA-FC455BFF8721}.Debug|Mixed Platforms.ActiveCfg = Debug|x86
		{19248DC4-790A-4154-85EA-FC455BFF8721}.Debug|Mixed Platforms.Build.0 = Debug|x86
		{19248DC4-790A-4154-85EA-FC455BFF8721}.Debug|x86.ActiveCfg = Debug|x86
		{19248DC4-790A-4154-85EA-FC455BFF8721}.Debug|x86.Build.0 = Debug|x86
		{19248DC4-790A-4154-85EA-FC455BFF8721}.Release|Any CPU.ActiveCfg = Release|x86
		{19248DC4-790A-4154-85EA-FC455BFF8721}.Release|Mixed Platforms.ActiveCfg = Release|x86
		{19248DC4-790A-4154-85EA-FC455BFF8721}.Release|Mixed Platforms.Build.0 = Release|x86
		{19248DC4-790A-4154-85EA-FC455BFF8721}.Release|x86.ActiveCfg = Release|x86
		{19248DC4-790A-4154-85EA-FC455BFF8721}.Release|x86.Build.0 = Release|x86
		{3B75D6F1-4208-456C-8D63-D5D9AC69CBEA}.Debug|Any CPU.ActiveCfg = Debug|x86
		{3B75D6F1-4208-456C-8D63-D5D9AC69CBEA}.Debug|Mixed Platforms.ActiveCfg = Debug|x86
		{3B75D6F1-4208-456C-8D63-D5D9AC69CBEA}.Debug|Mixed Platforms.Build.0 = Debug|x86
		{3B75D6F1-4208-456C-8D63-D5D9AC69CBEA}.Debug|x86.ActiveCfg = Debug|x86
		{3B75D6F1-4208-456C-8D63-D5D9AC69CBEA}.Debug|x86.Build.0 = Debug|x86
		{3B75D6F1-4208-456C-8D63-D5D9AC69CBEA}.Release|Any CPU.ActiveCfg = Release|x86
		{3B75D6F1-4208-456C-8D63-D5D9AC69CBEA}.Release|Mixed Platforms.ActiveCfg = Release|x86
		{3B75D6F1-4208-456C-8D63-D5D9AC69CBEA}.Release|Mixed Platforms.Build.0 = Release|x86
		{3B75D6F1-4208-456C-8D63-D5D9AC69CBEA}.Release|x86.ActiveCfg = Release|x86
		{3B75D6F1-4208-456C-8D63-D5D9AC69CBEA}.Release|x86.Build.0 = Release|x86
		{B4525C2E-3DC5-4559-A4DD-250440ED9B12}.Debug|Any CPU.ActiveCfg = Debug|x86
		{B4525C2E-3DC5-4559-A4DD-250440ED9B12}.Debug|Mixed Platforms.ActiveCfg = Debug|x86
		{B4525C2E-3DC5-4559-A4DD-250440ED9B12}.Debug|Mixed Platforms.Build.0 = Debug|x86
		{B4525C2E-3DC5-4559-A4DD-250440ED9B12}.Debug|x86.ActiveCfg = Debug|x86
		{B4525C2E-3DC5-4559-A4DD-250440ED9B12}.Debug|x86.Build.0 = Debug|x86
		{B4525C2E-3DC5-4559-A4DD-250440ED9B12}.Release|Any CPU.ActiveCfg = Release|x86
		{B4525C2E-3DC5-4559-A4DD-250440ED9B12}.Release|Mixed Platforms.ActiveCfg = Release|x86
		{B4525C2E-3DC5-4559-A4DD-250440ED9B12}.Release|Mixed Platforms.Build.0 = Release|x86
		{B4525C2E-3DC5-4559-A4DD-250440ED9B12}.Release|x86.ActiveCfg = Release|x86
		{B4525C2E-3DC5-4559-A4DD-250440ED9B12}.Release|x86.Build.0 = Release|x86
		{A2EFFCAC-92AE-488B-8B18-C895CF2AFD26}.Debug|Any CPU.ActiveCfg = Debug|x86
		{A2EFFCAC-92AE-488B-8B18-C895CF2AFD26}.Debug|Mixed Platforms.ActiveCfg = Debug|x86
		{A2EFFCAC-92AE-488B-8B18-C895CF2AFD26}.Debug|Mixed Platforms.Build.0 = Debug|x86
		{A2EFFCAC-92AE-488B-8B18-C895CF2AFD26}.Debug|x86.ActiveCfg = Debug|x86
		{A2EFFCAC-92AE-488B-8B18-C895CF2AFD26}.Debug|x86.Build.0 = Debug|x86
		{A2EFFCAC-92AE-488B-8B18-C895CF2AFD26}.Release|Any CPU.ActiveCfg = Release|x86
		{A2EFFCAC-92AE-488B-8B18-C895CF2AFD26}.Release|Mixed Platforms.ActiveCfg = Release|x86
		{A2EFFCAC-92AE-488B-8B18-C895CF2AFD26}.Release|Mixed Platforms.Build.0 = Release|x86
		{A2EFFCAC-92AE-488B-8B18-C895CF2AFD26}.Release|x86.ActiveCfg = Release|x86
		{A2EFFCAC-92AE-488B-8B18-C895CF2AFD26}.Release|x86.Build.0 = Release|x86
		{437BFC12-6624-47A3-8ED3-565C6A15AB42}.Debug|Any CPU.ActiveCfg = Debug|x86
		{437BFC12-6624-47A3-8ED3-565C6A15AB42}.Debug|Mixed Platforms.ActiveCfg = Debug|x86
		{437BFC12-6624-47A3-8ED3-565C6A15AB42}.Debug|Mixed Platforms.Build.0 = Debug|x86
		{437BFC12-6624-47A3-8ED3-565C6A15AB42}.Debug|x86.ActiveCfg = Debug|x86
		{437BFC12-6624-47A3-8ED3-565C6A15AB42}.Debug|x86.Build.0 = Debug|x86
		{437BFC12-6624-47A3-8ED3-565C6A15AB42}.Release|Any CPU.ActiveCfg = Release|x86
		{437BFC12-6624-47A3-8ED3-565C6A15AB42}.Release|Mixed Platforms.ActiveCfg = Release|x86
		{437BFC12-6624-47A3-8ED3-565C6A15AB42}.Release|Mixed Platforms.Build.0 = Release|x86
		{437BFC12-6624-47A3-8ED3-565C6A15AB42}.Release|x86.ActiveCfg = Release|x86
		{437BFC12-6624-47A3-8ED3-565C6A15AB42}.Release|x86.Build.0 = Release|x86
		{7C043A1E-0741-4092-B589-8B290A7A5702}.Debug|Any CPU.ActiveCfg = Debug|x86
		{7C043A1E-0741-4092-B589-8B290A7A5702}.Debug|Mixed Platforms.ActiveCfg = Debug|x86
		{7C043A1E-0741-4092-B589-8B290A7A5702}.Debug|Mixed Platforms.Build.0 = Debug|x86
		{7C043A1E-0741-4092-B589-8B290A7A5702}.Debug|x86.ActiveCfg = Debug|x86
		{7C043A1E-0741-4092-B589-8B290A7A5702}.Debug|x86.Build.0 = Debug|x86
		{7C043A1E-0741-4092-B589-8B290A7A5702}.Release|Any CPU.ActiveCfg = Release|x86
		{7C043A1E-0741-4092-B589-8B290A7A5702}.Release|Mixed Platforms.ActiveCfg = Release|x86
		{7C043A1E-0741-4092-B589-8B290A7A5702}.Release|Mixed Platforms.Build.0 = Release|x86
		{7C043A1E-0741-4092-B589-8B290A7A5702}.Release|x86.ActiveCfg = Release|x86
		{7C043A1E-0741-4092-B589-8B290A7A5702}.Release|x86.Build.0 = Release|x86
		{34492869-7B70-4DE3-919F-8F6DED953945}.Debug|Any CPU.ActiveCfg = Debug|x86
		{34492869-7B70-4DE3-919F-8F6DED953945}.Debug|Mixed Platforms.ActiveCfg = Debug|x86
		{34492869-7B70-4DE3-919F-8F6DED953945}.Debug|Mixed Platforms.Build.0 = Debug|x86
		{34492869-7B70-4DE3-919F-8F6DED953945}.Debug|x86.ActiveCfg = Debug|x86
		{34492869-7B70-4DE3-919F-8F6DED953945}.Debug|x86.Build.0 = Debug|x86
		{34492869-7B70-4DE3-919F-8F6DED953945}.Release|Any CPU.ActiveCfg = Release|x86
		{34492869-7B70-4DE3-919F-8F6DED953945}.Release|Mixed Platforms.ActiveCfg = Release|x86
		{34492869-7B70-4DE3-919F-8F6DED953945}.Release|Mixed Platforms.Build.0 = Release|x86
		{34492869-7B70-4DE3-919F-8F6DED953945}.Release|x86.ActiveCfg = Release|x86
		{34492869-7B70-4DE3-919F-8F6DED953945}.Release|x86.Build.0 = Release|x86
		{82F5AECD-5159-497F-B202-66DB50C8CECF}.Debug|Any CPU.ActiveCfg = Debug|x86
		{82F5AECD-5159-497F-B202-66DB50C8CECF}.Debug|Mixed Platforms.ActiveCfg = Debug|x86
		{82F5AECD-5159-497F-B202-66DB50C8CECF}.Debug|Mixed Platforms.Build.0 = Debug|x86
		{82F5AECD-5159-497F-B202-66DB50C8CECF}.Debug|x86.ActiveCfg = Debug|x86
		{82F5AECD-5159-497F-B202-66DB50C8CECF}.Debug|x86.Build.0 = Debug|x86
		{82F5AECD-5159-497F-B202-66DB50C8CECF}.Release|Any CPU.ActiveCfg = Release|x86
		{82F5AECD-5159-497F-B202-66DB50C8CECF}.Release|Mixed Platforms.ActiveCfg = Release|x86
		{82F5AECD-5159-497F-B202-66DB50C8CECF}.Release|Mixed Platforms.Build.0 = Release|x86
		{82F5AECD-5159-497F-B202-66DB50C8CECF}.Release|x86.ActiveCfg = Release|x86
		{82F5AECD-5159-497F-B202-66DB50C8CECF}.Release|x86.Build.0 = Release|x86
		{6F8AB9F4-B968-4657-8327-8DA9D9AE27EC}.Debug|Any CPU.ActiveCfg = Debug|x86
		{6F8AB9F4-B968-4657-8327-8DA9D9AE27EC}.Debug|Mixed Platforms.ActiveCfg = Debug|x86
		{6F8AB9F4-B968-4657-8327-8DA9D9AE27EC}.Debug|Mixed Platforms.Build.0 = Debug|x86
		{6F8AB9F4-B968-4657-8327-8DA9D9AE27EC}.Debug|x86.ActiveCfg = Debug|x86
		{6F8AB9F4-B968-4657-8327-8DA9D9AE27EC}.Debug|x86.Build.0 = Debug|x86
		{6F8AB9F4-B968-4657-8327-8DA9D9AE27EC}.Release|Any CPU.ActiveCfg = Release|x86
		{6F8AB9F4-B968-4657-8327-8DA9D9AE27EC}.Release|Mixed Platforms.ActiveCfg = Release|x86
		{6F8AB9F4-B968-4657-8327-8DA9D9AE27EC}.Release|Mixed Platforms.Build.0 = Release|x86
		{6F8AB9F4-B968-4657-8327-8DA9D9AE27EC}.Release|x86.ActiveCfg = Release|x86
		{6F8AB9F4-B968-4657-8327-8DA9D9AE27EC}.Release|x86.Build.0 = Release|x86
		{76694EAF-C20C-4DBC-98C9-187C8252B093}.Debug|Any CPU.ActiveCfg = Debug|x86
		{76694EAF-C20C-4DBC-98C9-187C8252B093}.Debug|Mixed Platforms.ActiveCfg = Debug|x86
		{76694EAF-C20C-4DBC-98C9-187C8252B093}.Debug|Mixed Platforms.Build.0 = Debug|x86
		{76694EAF-C20C-4DBC-98C9-187C8252B093}.Debug|x86.ActiveCfg = Debug|x86
		{76694EAF-C20C-4DBC-98C9-187C8252B093}.Debug|x86.Build.0 = Debug|x86
		{76694EAF-C20C-4DBC-98C9-187C8252B093}.Release|Any CPU.ActiveCfg = Release|x86
		{76694EAF-C20C-4DBC-98C9-187C8252B093}.Release|Mixed Platforms.ActiveCfg = Release|x86
		{76694EAF-C20C-4DBC-98C9-187C8252B093}.Release|Mixed Platforms.Build.0 = Release|x86
		{76694EAF-C20C-4DBC-98C9-187C8252B093}.Release|x86.ActiveCfg = Release|x86
		{76694EAF-C20C-4DBC-98C9-187C8252B093}.Release|x86.Build.0 = Release|x86
		{8A7FCF8F-D52D-40F6-AA66-E678BAF030BF}.Debug|Any CPU.ActiveCfg = Debug|x86
		{8A7FCF8F-D52D-40F6-AA66-E678BAF030BF}.Debug|Mixed Platforms.ActiveCfg = Debug|x86
		{8A7FCF8F-D52D-40F6-AA66-E678BAF030BF}.Debug|Mixed Platforms.Build.0 = Debug|x86
		{8A7FCF8F-D52D-40F6-AA66-E678BAF030BF}.Debug|x86.ActiveCfg = Debug|x86
		{8A7FCF8F-D52D-40F6-AA66-E678BAF030BF}.Debug|x86.Build.0 = Debug|x86
		{8A7FCF8F-D52D-40F6-AA66-E678BAF030BF}.Release|Any CPU.ActiveCfg = Release|x86
		{8A7FCF8F-D52D-40F6-AA66-E678BAF030BF}.Release|Mixed Platforms.ActiveCfg = Release|x86
		{8A7FCF8F-D52D-40F6-AA66-E678BAF030BF}.Release|Mixed Platforms.Build.0 = Release|x86
		{8A7FCF8F-D52D-40F6-AA66-E678BAF030BF}.Release|x86.ActiveCfg = Release|x86
		{8A7FCF8F-D52D-40F6-AA66-E678BAF030BF}.Release|x86.Build.0 = Release|x86
		{7225090F-C276-484C-9274-DB290F6E0688}.Debug|Any CPU.ActiveCfg = Debug|x86
		{7225090F-C276-484C-9274-DB290F6E0688}.Debug|Mixed Platforms.ActiveCfg = Debug|x86
		{7225090F-C276-484C-9274-DB290F6E0688}.Debug|Mixed Platforms.Build.0 = Debug|x86
		{7225090F-C276-484C-9274-DB290F6E0688}.Debug|x86.ActiveCfg = Debug|x86
		{7225090F-C276-484C-9274-DB290F6E0688}.Debug|x86.Build.0 = Debug|x86
		{7225090F-C276-484C-9274-DB290F6E0688}.Release|Any CPU.ActiveCfg = Release|x86
		{7225090F-C276-484C-9274-DB290F6E0688}.Release|Mixed Platforms.ActiveCfg = Release|x86
		{7225090F-C276-484C-9274-DB290F6E0688}.Release|Mixed Platforms.Build.0 = Release|x86
		{7225090F-C276-484C-9274-DB290F6E0688}.Release|x86.ActiveCfg = Release|x86
		{7225090F-C276-484C-9274-DB290F6E0688}.Release|x86.Build.0 = Release|x86
		{D9E18ABD-6938-4015-91CB-0944ADBD67F7}.Debug|Any CPU.ActiveCfg = Debug|x86
		{D9E18ABD-6938-4015-91CB-0944ADBD67F7}.Debug|Mixed Platforms.ActiveCfg = Debug|x86
		{D9E18ABD-6938-4015-91CB-0944ADBD67F7}.Debug|Mixed Platforms.Build.0 = Debug|x86
		{D9E18ABD-6938-4015-91CB-0944ADBD67F7}.Debug|x86.ActiveCfg = Debug|x86
		{D9E18ABD-6938-4015-91CB-0944ADBD67F7}.Debug|x86.Build.0 = Debug|x86
		{D9E18ABD-6938-4015-91CB-0944ADBD67F7}.Release|Any CPU.ActiveCfg = Release|x86
		{D9E18ABD-6938-4015-91CB-0944ADBD67F7}.Release|Mixed Platforms.ActiveCfg = Release|x86
		{D9E18ABD-6938-4015-91CB-0944ADBD67F7}.Release|Mixed Platforms.Build.0 = Release|x86
		{D9E18ABD-6938-4015-91CB-0944ADBD67F7}.Release|x86.ActiveCfg = Release|x86
		{D9E18ABD-6938-4015-91CB-0944ADBD67F7}.Release|x86.Build.0 = Release|x86
		{16AC2B02-B025-4FBC-8D3F-5057105D552B}.Debug|Any CPU.ActiveCfg = Debug|x86
		{16AC2B02-B025-4FBC-8D3F-5057105D552B}.Debug|Mixed Platforms.ActiveCfg = Debug|x86
		{16AC2B02-B025-4FBC-8D3F-5057105D552B}.Debug|Mixed Platforms.Build.0 = Debug|x86
		{16AC2B02-B025-4FBC-8D3F-5057105D552B}.Debug|x86.ActiveCfg = Debug|x86
		{16AC2B02-B025-4FBC-8D3F-5057105D552B}.Debug|x86.Build.0 = Debug|x86
		{16AC2B02-B025-4FBC-8D3F-5057105D552B}.Release|Any CPU.ActiveCfg = Release|x86
		{16AC2B02-B025-4FBC-8D3F-5057105D552B}.Release|Mixed Platforms.ActiveCfg = Release|x86
		{16AC2B02-B025-4FBC-8D3F-5057105D552B}.Release|Mixed Platforms.Build.0 = Release|x86
		{16AC2B02-B025-4FBC-8D3F-5057105D552B}.Release|x86.ActiveCfg = Release|x86
		{16AC2B02-B025-4FBC-8D3F-5057105D552B}.Release|x86.Build.0 = Release|x86
		{290BAD30-39F1-42B7-9E9E-74EF14772200}.Debug|Any CPU.ActiveCfg = Debug|x86
		{290BAD30-39F1-42B7-9E9E-74EF14772200}.Debug|Mixed Platforms.ActiveCfg = Debug|x86
		{290BAD30-39F1-42B7-9E9E-74EF14772200}.Debug|Mixed Platforms.Build.0 = Debug|x86
		{290BAD30-39F1-42B7-9E9E-74EF14772200}.Debug|x86.ActiveCfg = Debug|x86
		{290BAD30-39F1-42B7-9E9E-74EF14772200}.Debug|x86.Build.0 = Debug|x86
		{290BAD30-39F1-42B7-9E9E-74EF14772200}.Release|Any CPU.ActiveCfg = Release|x86
		{290BAD30-39F1-42B7-9E9E-74EF14772200}.Release|Mixed Platforms.ActiveCfg = Release|x86
		{290BAD30-39F1-42B7-9E9E-74EF14772200}.Release|Mixed Platforms.Build.0 = Release|x86
		{290BAD30-39F1-42B7-9E9E-74EF14772200}.Release|x86.ActiveCfg = Release|x86
		{290BAD30-39F1-42B7-9E9E-74EF14772200}.Release|x86.Build.0 = Release|x86
		{386170B5-8C81-4EFE-B6E5-95A24D1DA131}.Debug|Any CPU.ActiveCfg = Debug|x86
		{386170B5-8C81-4EFE-B6E5-95A24D1DA131}.Debug|Mixed Platforms.ActiveCfg = Debug|x86
		{386170B5-8C81-4EFE-B6E5-95A24D1DA131}.Debug|Mixed Platforms.Build.0 = Debug|x86
		{386170B5-8C81-4EFE-B6E5-95A24D1DA131}.Debug|x86.ActiveCfg = Debug|x86
		{386170B5-8C81-4EFE-B6E5-95A24D1DA131}.Debug|x86.Build.0 = Debug|x86
		{386170B5-8C81-4EFE-B6E5-95A24D1DA131}.Release|Any CPU.ActiveCfg = Release|x86
		{386170B5-8C81-4EFE-B6E5-95A24D1DA131}.Release|Mixed Platforms.ActiveCfg = Release|x86
		{386170B5-8C81-4EFE-B6E5-95A24D1DA131}.Release|Mixed Platforms.Build.0 = Release|x86
		{386170B5-8C81-4EFE-B6E5-95A24D1DA131}.Release|x86.ActiveCfg = Release|x86
		{386170B5-8C81-4EFE-B6E5-95A24D1DA131}.Release|x86.Build.0 = Release|x86
		{5457BF20-ACD4-466F-9286-8325DA766402}.Debug|Any CPU.ActiveCfg = Debug|x86
		{5457BF20-ACD4-466F-9286-8325DA766402}.Debug|Mixed Platforms.ActiveCfg = Debug|x86
		{5457BF20-ACD4-466F-9286-8325DA766402}.Debug|Mixed Platforms.Build.0 = Debug|x86
		{5457BF20-ACD4-466F-9286-8325DA766402}.Debug|x86.ActiveCfg = Debug|x86
		{5457BF20-ACD4-466F-9286-8325DA766402}.Debug|x86.Build.0 = Debug|x86
		{5457BF20-ACD4-466F-9286-8325DA766402}.Release|Any CPU.ActiveCfg = Release|x86
		{5457BF20-ACD4-466F-9286-8325DA766402}.Release|Mixed Platforms.ActiveCfg = Release|x86
		{5457BF20-ACD4-466F-9286-8325DA766402}.Release|Mixed Platforms.Build.0 = Release|x86
		{5457BF20-ACD4-466F-9286-8325DA766402}.Release|x86.ActiveCfg = Release|x86
		{5457BF20-ACD4-466F-9286-8325DA766402}.Release|x86.Build.0 = Release|x86
	EndGlobalSection
	GlobalSection(SolutionProperties) = preSolution
		HideSolutionNode = FALSE
	EndGlobalSection
	GlobalSection(ExtensibilityGlobals) = postSolution
		SolutionGuid = {6A59C0CE-BA31-42FB-888E-F93FF2B3898F}
	EndGlobalSection
EndGlobal
